
Microsoft Visual Studio Solution File, Format Version 12.00
# Visual Studio 15
VisualStudioVersion = 15.0.27703.2000
MinimumVisualStudioVersion = 10.0.40219.1
Project("{FAE04EC0-301F-11D3-BF4B-00C04F79EFBC}") = "AimlParser", "AimlParser.csproj", "{6BEFF096-8A00-4F08-851C-4FC639880DBC}"
EndProject
Global
	GlobalSection(SolutionConfigurationPlatforms) = preSolution
		Debug|Any CPU = Debug|Any CPU
		Release|Any CPU = Release|Any CPU
	EndGlobalSection
	GlobalSection(ProjectConfigurationPlatforms) = postSolution
		{6BEFF096-8A00-4F08-851C-4FC639880DBC}.Debug|Any CPU.ActiveCfg = Debug|Any CPU
		{6BEFF096-8A00-4F08-851C-4FC639880DBC}.Debug|Any CPU.Build.0 = Debug|Any CPU
		{6BEFF096-8A00-4F08-851C-4FC639880DBC}.Release|Any CPU.ActiveCfg = Release|Any CPU
		{6BEFF096-8A00-4F08-851C-4FC639880DBC}.Release|Any CPU.Build.0 = Release|Any CPU
	EndGlobalSection
	GlobalSection(SolutionProperties) = preSolution
		HideSolutionNode = FALSE
	EndGlobalSection
	GlobalSection(ExtensibilityGlobals) = postSolution
		SolutionGuid = {20F635CB-8247-4A6B-BC23-B087F6F7E0C3}
	EndGlobalSection
EndGlobal
